{
  "name": "actions",
  "version": "0.0.3-alpha.12",
  "lockfileVersion": 2,
  "requires": true,
  "packages": {
    "": {
      "name": "actions",
      "version": "0.0.3-alpha.12",
      "license": "MIT",
      "devDependencies": {
        "@netent-tech/ecas-webpack-plugin": "2.0.38-ECAS-1573-fix-encoder-solve-ecas-webpack-plugin-failing-to-run-in-template-slot.0"
      }
    },
    "node_modules/@netent-tech/ecas-webpack-plugin": {
      "version": "2.0.38-ECAS-1573-fix-encoder-solve-ecas-webpack-plugin-failing-to-run-in-template-slot.0",
      "resolved": "https://npm.pkg.github.com/download/@netent-tech/ecas-webpack-plugin/2.0.38-ECAS-1573-fix-encoder-solve-ecas-webpack-plugin-failing-to-run-in-template-slot.0/c1ca59fb73f7dbda8dfd664ccd5d6bd04a78214e",
      "integrity": "sha512-qVnITf29F1a1nSkGaLkDITcIUPoNZgUiSK4MkIMU71nXMI6qcw8Hyj7ivdNeJDzsS9EaKYre8SGfYs9tPBHV5Q==",
      "dev": true,
      "license": "MIT"
    }
  },
  "dependencies": {
    "@netent-tech/ecas-webpack-plugin": {
      "version": "2.0.38-ECAS-1573-fix-encoder-solve-ecas-webpack-plugin-failing-to-run-in-template-slot.0",
      "resolved": "https://npm.pkg.github.com/download/@netent-tech/ecas-webpack-plugin/2.0.38-ECAS-1573-fix-encoder-solve-ecas-webpack-plugin-failing-to-run-in-template-slot.0/c1ca59fb73f7dbda8dfd664ccd5d6bd04a78214e",
      "integrity": "sha512-qVnITf29F1a1nSkGaLkDITcIUPoNZgUiSK4MkIMU71nXMI6qcw8Hyj7ivdNeJDzsS9EaKYre8SGfYs9tPBHV5Q==",
      "dev": true
    }
  }
}
